{
  "version": 4,
  "terraform_version": "1.3.9",
  "serial": 49,
  "lineage": "79b1a732-883b-b65c-cb2e-d4519ceab416",
  "outputs": {
    "app_servers_ips": {
      "value": {
        "cp-server-0": "2a01:4ff:1f0:8837::1"
      },
      "type": [
        "object",
        {
          "cp-server-0": "string"
        }
      ]
    },
    "app_servers_status": {
      "value": {
        "cp-server-0": "running"
      },
      "type": [
        "object",
        {
          "cp-server-0": "string"
        }
      ]
    }
  },
  "resources": [
    {
      "mode": "managed",
      "type": "hcloud_network",
      "name": "cp-public-network",
      "provider": "provider[\"registry.terraform.io/hetznercloud/hcloud\"]",
      "instances": [
        {
          "schema_version": 0,
          "attributes": {
            "delete_protection": false,
            "id": "2592167",
            "ip_range": "10.0.0.0/24",
            "labels": null,
            "name": "cp-public-network"
          },
          "sensitive_attributes": [],
          "private": "bnVsbA=="
        }
      ]
    },
    {
      "mode": "managed",
      "type": "hcloud_server",
      "name": "cp-server",
      "provider": "provider[\"registry.terraform.io/hetznercloud/hcloud\"]",
      "instances": [
        {
          "index_key": 0,
          "schema_version": 0,
          "attributes": {
            "allow_deprecated_images": false,
            "backup_window": "",
            "backups": false,
            "datacenter": "hil-dc1",
            "delete_protection": false,
            "firewall_ids": [],
            "id": "29531173",
            "ignore_remote_firewall_ids": false,
            "image": "ubuntu-20.04",
            "ipv4_address": "\u003cnil\u003e",
            "ipv6_address": "2a01:4ff:1f0:8837::1",
            "ipv6_network": "2a01:4ff:1f0:8837::/64",
            "iso": null,
            "keep_disk": false,
            "labels": null,
            "location": "hil",
            "name": "cp-server-0",
            "network": [],
            "placement_group_id": null,
            "public_net": [
              {
                "ipv4": 0,
                "ipv4_enabled": false,
                "ipv6": 0,
                "ipv6_enabled": true
              }
            ],
            "rebuild_protection": false,
            "rescue": null,
            "server_type": "cpx11",
            "ssh_keys": [
              "10349308"
            ],
            "status": "running",
            "timeouts": null,
            "user_data": "payQBfwLvhVoVX+TRf+BzTZXCO0="
          },
          "sensitive_attributes": [],
          "private": "eyJlMmJmYjczMC1lY2FhLTExZTYtOGY4OC0zNDM2M2JjN2M0YzAiOnsiY3JlYXRlIjo1NDAwMDAwMDAwMDAwfX0=",
          "dependencies": [
            "hcloud_ssh_key.jmt-mac-mini-key"
          ]
        }
      ]
    },
    {
      "mode": "managed",
      "type": "hcloud_ssh_key",
      "name": "jmt-mac-mini-key",
      "provider": "provider[\"registry.terraform.io/hetznercloud/hcloud\"]",
      "instances": [
        {
          "schema_version": 0,
          "attributes": {
            "fingerprint": "8d:16:7d:dd:21:4c:be:18:90:5e:4d:59:00:4e:9c:3f",
            "id": "10349308",
            "labels": null,
            "name": "jmt-mac-mini-key",
            "public_key": "ssh-rsa AAAAB3NzaC1yc2EAAAADAQABAAACAQDj3vzJN74/sL3fLjUlvq4vD2x8NTMkTsQwFqAUKz7kylMKmxXhriheDaaKHird5lnNDhDNYrMCR+kLhw4q4NTwMuuewO0dgvMz+CIhOJ5xb3xErBjergZHAxSSeTBzO1snophx7S1zGx1Moufdq0vKS9rpsxZwg4AsxYEjwaicG1KK+jIWgt1ZTHLEQaTtbgwgmXeZJH0onghcChjLR5i6MoJII+Dfucs63tyMngb6os7DlVbVixJjrFK8rowrKOgOjXZYDyMjkk83eystECqo3jeUgnCChCBBCRnW6lWjK/P50ZT2x1Kp4UrsECs98bHlbX8FpGrgtbWvUtkeOsuuywea2Rp9bPrWVsPqrgufhEgNKoajbMSeIZTj6YJgR0eG2z+737iZKtvSAobnRq5q5hw95istlOGeso9nLHref0GZyaOaXHZTXB7t+HI1dNMbZjo4fUv4CLnWlQ/FVJkKj2IIrZZKUnlmXWJhOX57j04O++35/G+x1aKAyL46dVQJ8qC5T/Gbwzo9MOb09V3DwtVl5ynOBYVwwQ1MMFlujKUTAn/Z8HNlwy3tQrfr0ejdEqlhvj6ek7lxl6EUo4eMFkbQXAbHjbuZ1dozPT7p7yCq8ztDcVdD4zPxOQnoCzJsgiscwuM+eMPbhWzHjB3qzU5nAwxU2JGSGADZKqKhqQ== reddhouse@gmail.com\n"
          },
          "sensitive_attributes": [],
          "private": "bnVsbA=="
        }
      ]
    }
  ],
  "check_results": null
}
